// !$*UTF8*$!
{
	archiveVersion = 1;
	classes = {
	};
	objectVersion = 77;
	objects = {

/* Begin PBXBuildFile section */
		6975034A2D846FE200DB262F /* FoundationUtilities.framework in Frameworks */ = {isa = PBXBuildFile; fileRef = 697503492D846FE200DB262F /* FoundationUtilities.framework */; };
		697503972D84711700DB262F /* CoreNetworkInterface.framework in Frameworks */ = {isa = PBXBuildFile; fileRef = 697503962D84711700DB262F /* CoreNetworkInterface.framework */; };
/* End PBXBuildFile section */

/* Begin PBXContainerItemProxy section */
		697502262D84692F00DB262F /* PBXContainerItemProxy */ = {
			isa = PBXContainerItemProxy;
			containerPortal = 697502072D84692D00DB262F /* Project object */;
			proxyType = 1;
			remoteGlobalIDString = 6975020E2D84692D00DB262F;
			remoteInfo = SAE;
		};
		697502302D84692F00DB262F /* PBXContainerItemProxy */ = {
			isa = PBXContainerItemProxy;
			containerPortal = 697502072D84692D00DB262F /* Project object */;
			proxyType = 1;
			remoteGlobalIDString = 6975020E2D84692D00DB262F;
			remoteInfo = SAE;
		};
/* End PBXContainerItemProxy section */

/* Begin PBXFileReference section */
		6975020F2D84692D00DB262F /* SAE.app */ = {isa = PBXFileReference; explicitFileType = wrapper.application; includeInIndex = 0; path = SAE.app; sourceTree = BUILT_PRODUCTS_DIR; };
		697502252D84692F00DB262F /* SAETests.xctest */ = {isa = PBXFileReference; explicitFileType = wrapper.cfbundle; includeInIndex = 0; path = SAETests.xctest; sourceTree = BUILT_PRODUCTS_DIR; };
		6975022F2D84692F00DB262F /* SAEUITests.xctest */ = {isa = PBXFileReference; explicitFileType = wrapper.cfbundle; includeInIndex = 0; path = SAEUITests.xctest; sourceTree = BUILT_PRODUCTS_DIR; };
		697503492D846FE200DB262F /* FoundationUtilities.framework */ = {isa = PBXFileReference; explicitFileType = wrapper.framework; path = FoundationUtilities.framework; sourceTree = BUILT_PRODUCTS_DIR; };
		697503932D84710900DB262F /* CoreNetwork.framework */ = {isa = PBXFileReference; explicitFileType = wrapper.framework; path = CoreNetwork.framework; sourceTree = BUILT_PRODUCTS_DIR; };
		697503962D84711700DB262F /* CoreNetworkInterface.framework */ = {isa = PBXFileReference; explicitFileType = wrapper.framework; path = CoreNetworkInterface.framework; sourceTree = BUILT_PRODUCTS_DIR; };
/* End PBXFileReference section */

/* Begin PBXFileSystemSynchronizedBuildFileExceptionSet section */
		697502372D84692F00DB262F /* Exceptions for "SAE" folder in "SAE" target */ = {
			isa = PBXFileSystemSynchronizedBuildFileExceptionSet;
			membershipExceptions = (
				Resources/Info.plist,
			);
			target = 6975020E2D84692D00DB262F /* SAE */;
		};
/* End PBXFileSystemSynchronizedBuildFileExceptionSet section */

/* Begin PBXFileSystemSynchronizedRootGroup section */
		697502112D84692D00DB262F /* SAE */ = {
			isa = PBXFileSystemSynchronizedRootGroup;
			exceptions = (
				697502372D84692F00DB262F /* Exceptions for "SAE" folder in "SAE" target */,
			);
			path = SAE;
			sourceTree = "<group>";
		};
		697502282D84692F00DB262F /* SAETests */ = {
			isa = PBXFileSystemSynchronizedRootGroup;
			path = SAETests;
			sourceTree = "<group>";
		};
		697502322D84692F00DB262F /* SAEUITests */ = {
			isa = PBXFileSystemSynchronizedRootGroup;
			path = SAEUITests;
			sourceTree = "<group>";
		};
/* End PBXFileSystemSynchronizedRootGroup section */

/* Begin PBXFrameworksBuildPhase section */
		6975020C2D84692D00DB262F /* Frameworks */ = {
			isa = PBXFrameworksBuildPhase;
			buildActionMask = 2147483647;
			files = (
				697503972D84711700DB262F /* CoreNetworkInterface.framework in Frameworks */,
				6975034A2D846FE200DB262F /* FoundationUtilities.framework in Frameworks */,
			);
			runOnlyForDeploymentPostprocessing = 0;
		};
		697502222D84692F00DB262F /* Frameworks */ = {
			isa = PBXFrameworksBuildPhase;
			buildActionMask = 2147483647;
			files = (
			);
			runOnlyForDeploymentPostprocessing = 0;
		};
		6975022C2D84692F00DB262F /* Frameworks */ = {
			isa = PBXFrameworksBuildPhase;
			buildActionMask = 2147483647;
			files = (
			);
			runOnlyForDeploymentPostprocessing = 0;
		};
/* End PBXFrameworksBuildPhase section */

/* Begin PBXGroup section */
		697502062D84692D00DB262F = {
			isa = PBXGroup;
			children = (
				697502112D84692D00DB262F /* SAE */,
				697502282D84692F00DB262F /* SAETests */,
				697502322D84692F00DB262F /* SAEUITests */,
				6975031F2D846D5300DB262F /* Frameworks */,
				697502102D84692D00DB262F /* Products */,
			);
			sourceTree = "<group>";
		};
		697502102D84692D00DB262F /* Products */ = {
			isa = PBXGroup;
			children = (
				6975020F2D84692D00DB262F /* SAE.app */,
				697502252D84692F00DB262F /* SAETests.xctest */,
				6975022F2D84692F00DB262F /* SAEUITests.xctest */,
			);
			name = Products;
			sourceTree = "<group>";
		};
		6975031F2D846D5300DB262F /* Frameworks */ = {
			isa = PBXGroup;
			children = (
				697503962D84711700DB262F /* CoreNetworkInterface.framework */,
				697503932D84710900DB262F /* CoreNetwork.framework */,
				697503492D846FE200DB262F /* FoundationUtilities.framework */,
			);
			name = Frameworks;
			sourceTree = "<group>";
		};
/* End PBXGroup section */

/* Begin PBXNativeTarget section */
		6975020E2D84692D00DB262F /* SAE */ = {
			isa = PBXNativeTarget;
			buildConfigurationList = 697502382D84692F00DB262F /* Build configuration list for PBXNativeTarget "SAE" */;
			buildPhases = (
				6975020B2D84692D00DB262F /* Sources */,
				6975020C2D84692D00DB262F /* Frameworks */,
				6975020D2D84692D00DB262F /* Resources */,
			);
			buildRules = (
			);
			dependencies = (
				69BE45832D88B2F500DA0BF1 /* PBXTargetDependency */,
			);
			fileSystemSynchronizedGroups = (
				697502112D84692D00DB262F /* SAE */,
			);
			name = SAE;
			packageProductDependencies = (
			);
			productName = SAE;
			productReference = 6975020F2D84692D00DB262F /* SAE.app */;
			productType = "com.apple.product-type.application";
		};
		697502242D84692F00DB262F /* SAETests */ = {
			isa = PBXNativeTarget;
			buildConfigurationList = 6975023D2D84692F00DB262F /* Build configuration list for PBXNativeTarget "SAETests" */;
			buildPhases = (
				697502212D84692F00DB262F /* Sources */,
				697502222D84692F00DB262F /* Frameworks */,
				697502232D84692F00DB262F /* Resources */,
			);
			buildRules = (
			);
			dependencies = (
				697502272D84692F00DB262F /* PBXTargetDependency */,
			);
			fileSystemSynchronizedGroups = (
				697502282D84692F00DB262F /* SAETests */,
			);
			name = SAETests;
			packageProductDependencies = (
			);
			productName = SAETests;
			productReference = 697502252D84692F00DB262F /* SAETests.xctest */;
			productType = "com.apple.product-type.bundle.unit-test";
		};
		6975022E2D84692F00DB262F /* SAEUITests */ = {
			isa = PBXNativeTarget;
			buildConfigurationList = 697502402D84692F00DB262F /* Build configuration list for PBXNativeTarget "SAEUITests" */;
			buildPhases = (
				6975022B2D84692F00DB262F /* Sources */,
				6975022C2D84692F00DB262F /* Frameworks */,
				6975022D2D84692F00DB262F /* Resources */,
			);
			buildRules = (
			);
			dependencies = (
				697502312D84692F00DB262F /* PBXTargetDependency */,
			);
			fileSystemSynchronizedGroups = (
				697502322D84692F00DB262F /* SAEUITests */,
			);
			name = SAEUITests;
			packageProductDependencies = (
			);
			productName = SAEUITests;
			productReference = 6975022F2D84692F00DB262F /* SAEUITests.xctest */;
			productType = "com.apple.product-type.bundle.ui-testing";
		};
/* End PBXNativeTarget section */

/* Begin PBXProject section */
		697502072D84692D00DB262F /* Project object */ = {
			isa = PBXProject;
			attributes = {
				BuildIndependentTargetsInParallel = 1;
				LastSwiftUpdateCheck = 1600;
				LastUpgradeCheck = 1600;
				TargetAttributes = {
					6975020E2D84692D00DB262F = {
						CreatedOnToolsVersion = 16.0;
					};
					697502242D84692F00DB262F = {
						CreatedOnToolsVersion = 16.0;
						TestTargetID = 6975020E2D84692D00DB262F;
					};
					6975022E2D84692F00DB262F = {
						CreatedOnToolsVersion = 16.0;
						TestTargetID = 6975020E2D84692D00DB262F;
					};
				};
			};
			buildConfigurationList = 6975020A2D84692D00DB262F /* Build configuration list for PBXProject "SAE" */;
			developmentRegion = "pt-BR";
			hasScannedForEncodings = 0;
			knownRegions = (
				Base,
				"pt-BR",
				en,
			);
			mainGroup = 697502062D84692D00DB262F;
			minimizedProjectReferenceProxies = 1;
			packageReferences = (
				69BE457E2D88B1E100DA0BF1 /* XCRemoteSwiftPackageReference "SwiftLintPlugins" */,
			);
			preferredProjectObjectVersion = 77;
			productRefGroup = 697502102D84692D00DB262F /* Products */;
			projectDirPath = "";
			projectRoot = "";
			targets = (
				6975020E2D84692D00DB262F /* SAE */,
				697502242D84692F00DB262F /* SAETests */,
				6975022E2D84692F00DB262F /* SAEUITests */,
			);
		};
/* End PBXProject section */

/* Begin PBXResourcesBuildPhase section */
		6975020D2D84692D00DB262F /* Resources */ = {
			isa = PBXResourcesBuildPhase;
			buildActionMask = 2147483647;
			files = (
			);
			runOnlyForDeploymentPostprocessing = 0;
		};
		697502232D84692F00DB262F /* Resources */ = {
			isa = PBXResourcesBuildPhase;
			buildActionMask = 2147483647;
			files = (
			);
			runOnlyForDeploymentPostprocessing = 0;
		};
		6975022D2D84692F00DB262F /* Resources */ = {
			isa = PBXResourcesBuildPhase;
			buildActionMask = 2147483647;
			files = (
			);
			runOnlyForDeploymentPostprocessing = 0;
		};
/* End PBXResourcesBuildPhase section */

/* Begin PBXSourcesBuildPhase section */
		6975020B2D84692D00DB262F /* Sources */ = {
			isa = PBXSourcesBuildPhase;
			buildActionMask = 2147483647;
			files = (
			);
			runOnlyForDeploymentPostprocessing = 0;
		};
		697502212D84692F00DB262F /* Sources */ = {
			isa = PBXSourcesBuildPhase;
			buildActionMask = 2147483647;
			files = (
			);
			runOnlyForDeploymentPostprocessing = 0;
		};
		6975022B2D84692F00DB262F /* Sources */ = {
			isa = PBXSourcesBuildPhase;
			buildActionMask = 2147483647;
			files = (
			);
			runOnlyForDeploymentPostprocessing = 0;
		};
/* End PBXSourcesBuildPhase section */

/* Begin PBXTargetDependency section */
		697502272D84692F00DB262F /* PBXTargetDependency */ = {
			isa = PBXTargetDependency;
			target = 6975020E2D84692D00DB262F /* SAE */;
			targetProxy = 697502262D84692F00DB262F /* PBXContainerItemProxy */;
		};
		697502312D84692F00DB262F /* PBXTargetDependency */ = {
			isa = PBXTargetDependency;
			target = 6975020E2D84692D00DB262F /* SAE */;
			targetProxy = 697502302D84692F00DB262F /* PBXContainerItemProxy */;
		};
		69BE45832D88B2F500DA0BF1 /* PBXTargetDependency */ = {
			isa = PBXTargetDependency;
			productRef = 69BE45822D88B2F500DA0BF1 /* SwiftLintBuildToolPlugin */;
		};
/* End PBXTargetDependency section */

/* Begin XCBuildConfiguration section */
		697502392D84692F00DB262F /* Debug */ = {
			isa = XCBuildConfiguration;
			buildSettings = {
				ASSETCATALOG_COMPILER_APPICON_NAME = AppIcon;
				ASSETCATALOG_COMPILER_GLOBAL_ACCENT_COLOR_NAME = AccentColor;
				CODE_SIGN_STYLE = Automatic;
				CURRENT_PROJECT_VERSION = 1;
				DEVELOPMENT_TEAM = WMY4PSQ44N;
				GENERATE_INFOPLIST_FILE = YES;
				INFOPLIST_FILE = SAE/Resources/Info.plist;
				INFOPLIST_KEY_CFBundleDisplayName = SAE;
				INFOPLIST_KEY_LSApplicationCategoryType = "public.app-category.utilities";
				INFOPLIST_KEY_UIApplicationSupportsIndirectInputEvents = YES;
				INFOPLIST_KEY_UILaunchStoryboardName = LaunchScreen;
				INFOPLIST_KEY_UIMainStoryboardFile = "";
				INFOPLIST_KEY_UISupportedInterfaceOrientations = UIInterfaceOrientationPortrait;
				INFOPLIST_KEY_UISupportedInterfaceOrientations_iPad = "UIInterfaceOrientationLandscapeLeft UIInterfaceOrientationLandscapeRight UIInterfaceOrientationPortrait UIInterfaceOrientationPortraitUpsideDown";
				LD_RUNPATH_SEARCH_PATHS = (
					"$(inherited)",
					"@executable_path/Frameworks",
				);
				MARKETING_VERSION = 1.0;
				PRODUCT_BUNDLE_IDENTIFIER = com.simoes.daive.SAE;
				PRODUCT_NAME = "$(TARGET_NAME)";
				SUPPORTED_PLATFORMS = "iphoneos iphonesimulator";
				SUPPORTS_MACCATALYST = NO;
				SUPPORTS_MAC_DESIGNED_FOR_IPHONE_IPAD = NO;
				SUPPORTS_XR_DESIGNED_FOR_IPHONE_IPAD = NO;
				SWIFT_EMIT_LOC_STRINGS = YES;
				SWIFT_VERSION = 5.0;
				TARGETED_DEVICE_FAMILY = 1;
			};
			name = Debug;
		};
		6975023A2D84692F00DB262F /* Release */ = {
			isa = XCBuildConfiguration;
			buildSettings = {
				ASSETCATALOG_COMPILER_APPICON_NAME = AppIcon;
				ASSETCATALOG_COMPILER_GLOBAL_ACCENT_COLOR_NAME = AccentColor;
				CODE_SIGN_STYLE = Automatic;
				CURRENT_PROJECT_VERSION = 1;
				DEVELOPMENT_TEAM = WMY4PSQ44N;
				GENERATE_INFOPLIST_FILE = YES;
				INFOPLIST_FILE = SAE/Resources/Info.plist;
				INFOPLIST_KEY_CFBundleDisplayName = SAE;
				INFOPLIST_KEY_LSApplicationCategoryType = "public.app-category.utilities";
				INFOPLIST_KEY_UIApplicationSupportsIndirectInputEvents = YES;
				INFOPLIST_KEY_UILaunchStoryboardName = LaunchScreen;
				INFOPLIST_KEY_UIMainStoryboardFile = "";
				INFOPLIST_KEY_UISupportedInterfaceOrientations = UIInterfaceOrientationPortrait;
				INFOPLIST_KEY_UISupportedInterfaceOrientations_iPad = "UIInterfaceOrientationLandscapeLeft UIInterfaceOrientationLandscapeRight UIInterfaceOrientationPortrait UIInterfaceOrientationPortraitUpsideDown";
				LD_RUNPATH_SEARCH_PATHS = (
					"$(inherited)",
					"@executable_path/Frameworks",
				);
				MARKETING_VERSION = 1.0;
				PRODUCT_BUNDLE_IDENTIFIER = com.simoes.daive.SAE;
				PRODUCT_NAME = "$(TARGET_NAME)";
				SUPPORTED_PLATFORMS = "iphoneos iphonesimulator";
				SUPPORTS_MACCATALYST = NO;
				SUPPORTS_MAC_DESIGNED_FOR_IPHONE_IPAD = NO;
				SUPPORTS_XR_DESIGNED_FOR_IPHONE_IPAD = NO;
				SWIFT_EMIT_LOC_STRINGS = YES;
				SWIFT_VERSION = 5.0;
				TARGETED_DEVICE_FAMILY = 1;
			};
			name = Release;
		};
		6975023B2D84692F00DB262F /* Debug */ = {
			isa = XCBuildConfiguration;
			buildSettings = {
				ALWAYS_SEARCH_USER_PATHS = NO;
				ASSETCATALOG_COMPILER_GENERATE_SWIFT_ASSET_SYMBOL_EXTENSIONS = YES;
				CLANG_ANALYZER_LOCALIZABILITY_NONLOCALIZED = YES;
				CLANG_ANALYZER_NONNULL = YES;
				CLANG_ANALYZER_NUMBER_OBJECT_CONVERSION = YES_AGGRESSIVE;
				CLANG_CXX_LANGUAGE_STANDARD = "gnu++20";
				CLANG_ENABLE_MODULES = YES;
				CLANG_ENABLE_OBJC_ARC = YES;
				CLANG_ENABLE_OBJC_WEAK = YES;
				CLANG_WARN_BLOCK_CAPTURE_AUTORELEASING = YES;
				CLANG_WARN_BOOL_CONVERSION = YES;
				CLANG_WARN_COMMA = YES;
				CLANG_WARN_CONSTANT_CONVERSION = YES;
				CLANG_WARN_DEPRECATED_OBJC_IMPLEMENTATIONS = YES;
				CLANG_WARN_DIRECT_OBJC_ISA_USAGE = YES_ERROR;
				CLANG_WARN_DOCUMENTATION_COMMENTS = YES;
				CLANG_WARN_EMPTY_BODY = YES;
				CLANG_WARN_ENUM_CONVERSION = YES;
				CLANG_WARN_INFINITE_RECURSION = YES;
				CLANG_WARN_INT_CONVERSION = YES;
				CLANG_WARN_NON_LITERAL_NULL_CONVERSION = YES;
				CLANG_WARN_OBJC_IMPLICIT_RETAIN_SELF = YES;
				CLANG_WARN_OBJC_LITERAL_CONVERSION = YES;
				CLANG_WARN_OBJC_ROOT_CLASS = YES_ERROR;
				CLANG_WARN_QUOTED_INCLUDE_IN_FRAMEWORK_HEADER = YES;
				CLANG_WARN_RANGE_LOOP_ANALYSIS = YES;
				CLANG_WARN_STRICT_PROTOTYPES = YES;
				CLANG_WARN_SUSPICIOUS_MOVE = YES;
				CLANG_WARN_UNGUARDED_AVAILABILITY = YES_AGGRESSIVE;
				CLANG_WARN_UNREACHABLE_CODE = YES;
				CLANG_WARN__DUPLICATE_METHOD_MATCH = YES;
				COPY_PHASE_STRIP = NO;
				DEBUG_INFORMATION_FORMAT = dwarf;
				ENABLE_STRICT_OBJC_MSGSEND = YES;
				ENABLE_TESTABILITY = YES;
				ENABLE_USER_SCRIPT_SANDBOXING = YES;
				GCC_C_LANGUAGE_STANDARD = gnu17;
				GCC_DYNAMIC_NO_PIC = NO;
				GCC_NO_COMMON_BLOCKS = YES;
				GCC_OPTIMIZATION_LEVEL = 0;
				GCC_PREPROCESSOR_DEFINITIONS = (
					"DEBUG=1",
					"$(inherited)",
				);
				GCC_WARN_64_TO_32_BIT_CONVERSION = YES;
				GCC_WARN_ABOUT_RETURN_TYPE = YES_ERROR;
				GCC_WARN_UNDECLARED_SELECTOR = YES;
				GCC_WARN_UNINITIALIZED_AUTOS = YES_AGGRESSIVE;
				GCC_WARN_UNUSED_FUNCTION = YES;
				GCC_WARN_UNUSED_VARIABLE = YES;
				IPHONEOS_DEPLOYMENT_TARGET = 18.0;
				LOCALIZATION_PREFERS_STRING_CATALOGS = YES;
				MTL_ENABLE_DEBUG_INFO = INCLUDE_SOURCE;
				MTL_FAST_MATH = YES;
				ONLY_ACTIVE_ARCH = YES;
				SDKROOT = iphoneos;
				SWIFT_ACTIVE_COMPILATION_CONDITIONS = "DEBUG $(inherited)";
				SWIFT_OPTIMIZATION_LEVEL = "-Onone";
			};
			name = Debug;
		};
		6975023C2D84692F00DB262F /* Release */ = {
			isa = XCBuildConfiguration;
			buildSettings = {
				ALWAYS_SEARCH_USER_PATHS = NO;
				ASSETCATALOG_COMPILER_GENERATE_SWIFT_ASSET_SYMBOL_EXTENSIONS = YES;
				CLANG_ANALYZER_LOCALIZABILITY_NONLOCALIZED = YES;
				CLANG_ANALYZER_NONNULL = YES;
				CLANG_ANALYZER_NUMBER_OBJECT_CONVERSION = YES_AGGRESSIVE;
				CLANG_CXX_LANGUAGE_STANDARD = "gnu++20";
				CLANG_ENABLE_MODULES = YES;
				CLANG_ENABLE_OBJC_ARC = YES;
				CLANG_ENABLE_OBJC_WEAK = YES;
				CLANG_WARN_BLOCK_CAPTURE_AUTORELEASING = YES;
				CLANG_WARN_BOOL_CONVERSION = YES;
				CLANG_WARN_COMMA = YES;
				CLANG_WARN_CONSTANT_CONVERSION = YES;
				CLANG_WARN_DEPRECATED_OBJC_IMPLEMENTATIONS = YES;
				CLANG_WARN_DIRECT_OBJC_ISA_USAGE = YES_ERROR;
				CLANG_WARN_DOCUMENTATION_COMMENTS = YES;
				CLANG_WARN_EMPTY_BODY = YES;
				CLANG_WARN_ENUM_CONVERSION = YES;
				CLANG_WARN_INFINITE_RECURSION = YES;
				CLANG_WARN_INT_CONVERSION = YES;
				CLANG_WARN_NON_LITERAL_NULL_CONVERSION = YES;
				CLANG_WARN_OBJC_IMPLICIT_RETAIN_SELF = YES;
				CLANG_WARN_OBJC_LITERAL_CONVERSION = YES;
				CLANG_WARN_OBJC_ROOT_CLASS = YES_ERROR;
				CLANG_WARN_QUOTED_INCLUDE_IN_FRAMEWORK_HEADER = YES;
				CLANG_WARN_RANGE_LOOP_ANALYSIS = YES;
				CLANG_WARN_STRICT_PROTOTYPES = YES;
				CLANG_WARN_SUSPICIOUS_MOVE = YES;
				CLANG_WARN_UNGUARDED_AVAILABILITY = YES_AGGRESSIVE;
				CLANG_WARN_UNREACHABLE_CODE = YES;
				CLANG_WARN__DUPLICATE_METHOD_MATCH = YES;
				COPY_PHASE_STRIP = NO;
				DEBUG_INFORMATION_FORMAT = "dwarf-with-dsym";
				ENABLE_NS_ASSERTIONS = NO;
				ENABLE_STRICT_OBJC_MSGSEND = YES;
				ENABLE_USER_SCRIPT_SANDBOXING = YES;
				GCC_C_LANGUAGE_STANDARD = gnu17;
				GCC_NO_COMMON_BLOCKS = YES;
				GCC_WARN_64_TO_32_BIT_CONVERSION = YES;
				GCC_WARN_ABOUT_RETURN_TYPE = YES_ERROR;
				GCC_WARN_UNDECLARED_SELECTOR = YES;
				GCC_WARN_UNINITIALIZED_AUTOS = YES_AGGRESSIVE;
				GCC_WARN_UNUSED_FUNCTION = YES;
				GCC_WARN_UNUSED_VARIABLE = YES;
				IPHONEOS_DEPLOYMENT_TARGET = 18.0;
				LOCALIZATION_PREFERS_STRING_CATALOGS = YES;
				MTL_ENABLE_DEBUG_INFO = NO;
				MTL_FAST_MATH = YES;
				SDKROOT = iphoneos;
				SWIFT_COMPILATION_MODE = wholemodule;
				VALIDATE_PRODUCT = YES;
			};
			name = Release;
		};
		6975023E2D84692F00DB262F /* Debug */ = {
			isa = XCBuildConfiguration;
			buildSettings = {
				BUNDLE_LOADER = "$(TEST_HOST)";
				CODE_SIGN_STYLE = Automatic;
				CURRENT_PROJECT_VERSION = 1;
				DEVELOPMENT_TEAM = WMY4PSQ44N;
				GENERATE_INFOPLIST_FILE = YES;
				IPHONEOS_DEPLOYMENT_TARGET = 18.0;
				MARKETING_VERSION = 1.0;
				PRODUCT_BUNDLE_IDENTIFIER = com.simoes.daive.SAETests;
				PRODUCT_NAME = "$(TARGET_NAME)";
				SWIFT_EMIT_LOC_STRINGS = NO;
				SWIFT_VERSION = 5.0;
				TARGETED_DEVICE_FAMILY = "1,2";
				TEST_HOST = "$(BUILT_PRODUCTS_DIR)/SAE.app/$(BUNDLE_EXECUTABLE_FOLDER_PATH)/SAE";
			};
			name = Debug;
		};
		6975023F2D84692F00DB262F /* Release */ = {
			isa = XCBuildConfiguration;
			buildSettings = {
				BUNDLE_LOADER = "$(TEST_HOST)";
				CODE_SIGN_STYLE = Automatic;
				CURRENT_PROJECT_VERSION = 1;
				DEVELOPMENT_TEAM = WMY4PSQ44N;
				GENERATE_INFOPLIST_FILE = YES;
				IPHONEOS_DEPLOYMENT_TARGET = 18.0;
				MARKETING_VERSION = 1.0;
				PRODUCT_BUNDLE_IDENTIFIER = com.simoes.daive.SAETests;
				PRODUCT_NAME = "$(TARGET_NAME)";
				SWIFT_EMIT_LOC_STRINGS = NO;
				SWIFT_VERSION = 5.0;
				TARGETED_DEVICE_FAMILY = "1,2";
				TEST_HOST = "$(BUILT_PRODUCTS_DIR)/SAE.app/$(BUNDLE_EXECUTABLE_FOLDER_PATH)/SAE";
			};
			name = Release;
		};
		697502412D84692F00DB262F /* Debug */ = {
			isa = XCBuildConfiguration;
			buildSettings = {
				CODE_SIGN_STYLE = Automatic;
				CURRENT_PROJECT_VERSION = 1;
				DEVELOPMENT_TEAM = WMY4PSQ44N;
				GENERATE_INFOPLIST_FILE = YES;
				MARKETING_VERSION = 1.0;
				PRODUCT_BUNDLE_IDENTIFIER = com.simoes.daive.SAEUITests;
				PRODUCT_NAME = "$(TARGET_NAME)";
				SWIFT_EMIT_LOC_STRINGS = NO;
				SWIFT_VERSION = 5.0;
				TARGETED_DEVICE_FAMILY = "1,2";
				TEST_TARGET_NAME = SAE;
			};
			name = Debug;
		};
		697502422D84692F00DB262F /* Release */ = {
			isa = XCBuildConfiguration;
			buildSettings = {
				CODE_SIGN_STYLE = Automatic;
				CURRENT_PROJECT_VERSION = 1;
				DEVELOPMENT_TEAM = WMY4PSQ44N;
				GENERATE_INFOPLIST_FILE = YES;
				MARKETING_VERSION = 1.0;
				PRODUCT_BUNDLE_IDENTIFIER = com.simoes.daive.SAEUITests;
				PRODUCT_NAME = "$(TARGET_NAME)";
				SWIFT_EMIT_LOC_STRINGS = NO;
				SWIFT_VERSION = 5.0;
				TARGETED_DEVICE_FAMILY = "1,2";
				TEST_TARGET_NAME = SAE;
			};
			name = Release;
		};
/* End XCBuildConfiguration section */

/* Begin XCConfigurationList section */
		6975020A2D84692D00DB262F /* Build configuration list for PBXProject "SAE" */ = {
			isa = XCConfigurationList;
			buildConfigurations = (
				6975023B2D84692F00DB262F /* Debug */,
				6975023C2D84692F00DB262F /* Release */,
			);
			defaultConfigurationIsVisible = 0;
			defaultConfigurationName = Release;
		};
		697502382D84692F00DB262F /* Build configuration list for PBXNativeTarget "SAE" */ = {
			isa = XCConfigurationList;
			buildConfigurations = (
				697502392D84692F00DB262F /* Debug */,
				6975023A2D84692F00DB262F /* Release */,
			);
			defaultConfigurationIsVisible = 0;
			defaultConfigurationName = Release;
		};
		6975023D2D84692F00DB262F /* Build configuration list for PBXNativeTarget "SAETests" */ = {
			isa = XCConfigurationList;
			buildConfigurations = (
				6975023E2D84692F00DB262F /* Debug */,
				6975023F2D84692F00DB262F /* Release */,
			);
			defaultConfigurationIsVisible = 0;
			defaultConfigurationName = Release;
		};
		697502402D84692F00DB262F /* Build configuration list for PBXNativeTarget "SAEUITests" */ = {
			isa = XCConfigurationList;
			buildConfigurations = (
				697502412D84692F00DB262F /* Debug */,
				697502422D84692F00DB262F /* Release */,
			);
			defaultConfigurationIsVisible = 0;
			defaultConfigurationName = Release;
		};
/* End XCConfigurationList section */

/* Begin XCRemoteSwiftPackageReference section */
		69BE457E2D88B1E100DA0BF1 /* XCRemoteSwiftPackageReference "SwiftLintPlugins" */ = {
			isa = XCRemoteSwiftPackageReference;
			repositoryURL = "https://github.com/SimplyDanny/SwiftLintPlugins";
			requirement = {
				kind = upToNextMajorVersion;
				minimumVersion = 0.58.2;
			};
		};
/* End XCRemoteSwiftPackageReference section */

/* Begin XCSwiftPackageProductDependency section */
		69BE45822D88B2F500DA0BF1 /* SwiftLintBuildToolPlugin */ = {
			isa = XCSwiftPackageProductDependency;
			package = 69BE457E2D88B1E100DA0BF1 /* XCRemoteSwiftPackageReference "SwiftLintPlugins" */;
			productName = "plugin:SwiftLintBuildToolPlugin";
		};
/* End XCSwiftPackageProductDependency section */
	};
	rootObject = 697502072D84692D00DB262F /* Project object */;
}
